// !$*UTF8*$!
{
	archiveVersion = 1;
	classes = {
	};
	objectVersion = 48;
	objects = {

/* Begin PBXBuildFile section */
		F345CEAB200CCB2A005B424B /* AppDelegate.swift in Sources */ = {isa = PBXBuildFile; fileRef = F345CEAA200CCB2A005B424B /* AppDelegate.swift */; };
		F345CEAD200CCB2A005B424B /* ViewController.swift in Sources */ = {isa = PBXBuildFile; fileRef = F345CEAC200CCB2A005B424B /* ViewController.swift */; };
		F345CEB0200CCB2A005B424B /* Main.storyboard in Resources */ = {isa = PBXBuildFile; fileRef = F345CEAE200CCB2A005B424B /* Main.storyboard */; };
		F345CEB2200CCB2A005B424B /* Assets.xcassets in Resources */ = {isa = PBXBuildFile; fileRef = F345CEB1200CCB2A005B424B /* Assets.xcassets */; };
		F345CEB5200CCB2A005B424B /* LaunchScreen.storyboard in Resources */ = {isa = PBXBuildFile; fileRef = F345CEB3200CCB2A005B424B /* LaunchScreen.storyboard */; };
/* End PBXBuildFile section */

/* Begin PBXFileReference section */
		F345CEA7200CCB2A005B424B /* EldonPlanner.app */ = {isa = PBXFileReference; explicitFileType = wrapper.application; includeInIndex = 0; path = EldonPlanner.app; sourceTree = BUILT_PRODUCTS_DIR; };
		F345CEAA200CCB2A005B424B /* AppDelegate.swift */ = {isa = PBXFileReference; lastKnownFileType = sourcecode.swift; path = AppDelegate.swift; sourceTree = "<group>"; };
		F345CEAC200CCB2A005B424B /* ViewController.swift */ = {isa = PBXFileReference; lastKnownFileType = sourcecode.swift; path = ViewController.swift; sourceTree = "<group>"; };
		F345CEAF200CCB2A005B424B /* Base */ = {isa = PBXFileReference; lastKnownFileType = file.storyboard; name = Base; path = Base.lproj/Main.storyboard; sourceTree = "<group>"; };
		F345CEB1200CCB2A005B424B /* Assets.xcassets */ = {isa = PBXFileReference; lastKnownFileType = folder.assetcatalog; path = Assets.xcassets; sourceTree = "<group>"; };
		F345CEB4200CCB2A005B424B /* Base */ = {isa = PBXFileReference; lastKnownFileType = file.storyboard; name = Base; path = Base.lproj/LaunchScreen.storyboard; sourceTree = "<group>"; };
		F345CEB6200CCB2A005B424B /* Info.plist */ = {isa = PBXFileReference; lastKnownFileType = text.plist.xml; path = Info.plist; sourceTree = "<group>"; };
/* End PBXFileReference section */

/* Begin PBXFrameworksBuildPhase section */
		F345CEA4200CCB2A005B424B /* Frameworks */ = {
			isa = PBXFrameworksBuildPhase;
			buildActionMask = 2147483647;
			files = (
			);
			runOnlyForDeploymentPostprocessing = 0;
		};
/* End PBXFrameworksBuildPhase section */

/* Begin PBXGroup section */
		F345CE9E200CCB2A005B424B = {
			isa = PBXGroup;
			children = (
				F345CEA9200CCB2A005B424B /* EldonPlanner */,
				F345CEA8200CCB2A005B424B /* Products */,
			);
			sourceTree = "<group>";
		};
		F345CEA8200CCB2A005B424B /* Products */ = {
			isa = PBXGroup;
			children = (
				F345CEA7200CCB2A005B424B /* EldonPlanner.app */,
			);
			name = Products;
			sourceTree = "<group>";
		};
		F345CEA9200CCB2A005B424B /* EldonPlanner */ = {
			isa = PBXGroup;
			children = (
				F345CEAA200CCB2A005B424B /* AppDelegate.swift */,
				F345CEAC200CCB2A005B424B /* ViewController.swift */,
				F345CEAE200CCB2A005B424B /* Main.storyboard */,
				F345CEB1200CCB2A005B424B /* Assets.xcassets */,
				F345CEB3200CCB2A005B424B /* LaunchScreen.storyboard */,
				F345CEB6200CCB2A005B424B /* Info.plist */,
			);
			path = EldonPlanner;
			sourceTree = "<group>";
		};
/* End PBXGroup section */

/* Begin PBXNativeTarget section */
		F345CEA6200CCB2A005B424B /* EldonPlanner */ = {
			isa = PBXNativeTarget;
			buildConfigurationList = F345CEB9200CCB2A005B424B /* Build configuration list for PBXNativeTarget "EldonPlanner" */;
			buildPhases = (
				F345CEA3200CCB2A005B424B /* Sources */,
				F345CEA4200CCB2A005B424B /* Frameworks */,
				F345CEA5200CCB2A005B424B /* Resources */,
			);
			buildRules = (
			);
			dependencies = (
			);
			name = EldonPlanner;
			productName = EldonPlanner;
			productReference = F345CEA7200CCB2A005B424B /* EldonPlanner.app */;
			productType = "com.apple.product-type.application";
		};
/* End PBXNativeTarget section */

/* Begin PBXProject section */
		F345CE9F200CCB2A005B424B /* Project object */ = {
			isa = PBXProject;
			attributes = {
				LastSwiftUpdateCheck = 0920;
				LastUpgradeCheck = 0920;
				ORGANIZATIONNAME = a27;
				TargetAttributes = {
					F345CEA6200CCB2A005B424B = {
						CreatedOnToolsVersion = 9.2;
						ProvisioningStyle = Automatic;
					};
				};
			};
			buildConfigurationList = F345CEA2200CCB2A005B424B /* Build configuration list for PBXProject "EldonPlanner" */;
			compatibilityVersion = "Xcode 8.0";
			developmentRegion = en;
			hasScannedForEncodings = 0;
			knownRegions = (
				en,
				Base,
			);
			mainGroup = F345CE9E200CCB2A005B424B;
			productRefGroup = F345CEA8200CCB2A005B424B /* Products */;
			projectDirPath = "";
			projectRoot = "";
			targets = (
				F345CEA6200CCB2A005B424B /* EldonPlanner */,
			);
		};
/* End PBXProject section */

/* Begin PBXResourcesBuildPhase section */
		F345CEA5200CCB2A005B424B /* Resources */ = {
			isa = PBXResourcesBuildPhase;
			buildActionMask = 2147483647;
			files = (
				F345CEB5200CCB2A005B424B /* LaunchScreen.storyboard in Resources */,
				F345CEB2200CCB2A005B424B /* Assets.xcassets in Resources */,
				F345CEB0200CCB2A005B424B /* Main.storyboard in Resources */,
			);
			runOnlyForDeploymentPostprocessing = 0;
		};
/* End PBXResourcesBuildPhase section */

/* Begin PBXSourcesBuildPhase section */
		F345CEA3200CCB2A005B424B /* Sources */ = {
			isa = PBXSourcesBuildPhase;
			buildActionMask = 2147483647;
			files = (
				F345CEAD200CCB2A005B424B /* ViewController.swift in Sources */,
				F345CEAB200CCB2A005B424B /* AppDelegate.swift in Sources */,
			);
			runOnlyForDeploymentPostprocessing = 0;
		};
/* End PBXSourcesBuildPhase section */

/* Begin PBXVariantGroup section */
		F345CEAE200CCB2A005B424B /* Main.storyboard */ = {
			isa = PBXVariantGroup;
			children = (
				F345CEAF200CCB2A005B424B /* Base */,
			);
			name = Main.storyboard;
			sourceTree = "<group>";
		};
		F345CEB3200CCB2A005B424B /* LaunchScreen.storyboard */ = {
			isa = PBXVariantGroup;
			children = (
				F345CEB4200CCB2A005B424B /* Base */,
			);
			name = LaunchScreen.storyboard;
			sourceTree = "<group>";
		};
/* End PBXVariantGroup section */

/* Begin XCBuildConfiguration section */
		F345CEB7200CCB2A005B424B /* Debug */ = {
			isa = XCBuildConfiguration;
			buildSettings = {
				ALWAYS_SEARCH_USER_PATHS = NO;
				CLANG_ANALYZER_NONNULL = YES;
				CLANG_ANALYZER_NUMBER_OBJECT_CONVERSION = YES_AGGRESSIVE;
				CLANG_CXX_LANGUAGE_STANDARD = "gnu++14";
				CLANG_CXX_LIBRARY = "libc++";
				CLANG_ENABLE_MODULES = YES;
				CLANG_ENABLE_OBJC_ARC = YES;
				CLANG_WARN_BLOCK_CAPTURE_AUTORELEASING = YES;
				CLANG_WARN_BOOL_CONVERSION = YES;
				CLANG_WARN_COMMA = YES;
				CLANG_WARN_CONSTANT_CONVERSION = YES;
				CLANG_WARN_DIRECT_OBJC_ISA_USAGE = YES_ERROR;
				CLANG_WARN_DOCUMENTATION_COMMENTS = YES;
				CLANG_WARN_EMPTY_BODY = YES;
				CLANG_WARN_ENUM_CONVERSION = YES;
				CLANG_WARN_INFINITE_RECURSION = YES;
				CLANG_WARN_INT_CONVERSION = YES;
				CLANG_WARN_NON_LITERAL_NULL_CONVERSION = YES;
				CLANG_WARN_OBJC_LITERAL_CONVERSION = YES;
				CLANG_WARN_OBJC_ROOT_CLASS = YES_ERROR;
				CLANG_WARN_RANGE_LOOP_ANALYSIS = YES;
				CLANG_WARN_STRICT_PROTOTYPES = YES;
				CLANG_WARN_SUSPICIOUS_MOVE = YES;
				CLANG_WARN_UNGUARDED_AVAILABILITY = YES_AGGRESSIVE;
				CLANG_WARN_UNREACHABLE_CODE = YES;
				CLANG_WARN__DUPLICATE_METHOD_MATCH = YES;
				CODE_SIGN_IDENTITY = "iPhone Developer";
				COPY_PHASE_STRIP = NO;
				DEBUG_INFORMATION_FORMAT = dwarf;
				ENABLE_STRICT_OBJC_MSGSEND = YES;
				ENABLE_TESTABILITY = YES;
				GCC_C_LANGUAGE_STANDARD = gnu11;
				GCC_DYNAMIC_NO_PIC = NO;
				GCC_NO_COMMON_BLOCKS = YES;
				GCC_OPTIMIZATION_LEVEL = 0;
				GCC_PREPROCESSOR_DEFINITIONS = (
					"DEBUG=1",
					"$(inherited)",
				);
				GCC_WARN_64_TO_32_BIT_CONVERSION = YES;
				GCC_WARN_ABOUT_RETURN_TYPE = YES_ERROR;
				GCC_WARN_UNDECLARED_SELECTOR = YES;
				GCC_WARN_UNINITIALIZED_AUTOS = YES_AGGRESSIVE;
				GCC_WARN_UNUSED_FUNCTION = YES;
				GCC_WARN_UNUSED_VARIABLE = YES;
				IPHONEOS_DEPLOYMENT_TARGET = 11.2;
				MTL_ENABLE_DEBUG_INFO = YES;
				ONLY_ACTIVE_ARCH = YES;
				SDKROOT = iphoneos;
				SWIFT_ACTIVE_COMPILATION_CONDITIONS = DEBUG;
				SWIFT_OPTIMIZATION_LEVEL = "-Onone";
			};
			name = Debug;
		};
		F345CEB8200CCB2A005B424B /* Release */ = {
			isa = XCBuildConfiguration;
			buildSettings = {
				ALWAYS_SEARCH_USER_PATHS = NO;
				CLANG_ANALYZER_NONNULL = YES;
				CLANG_ANALYZER_NUMBER_OBJECT_CONVERSION = YES_AGGRESSIVE;
				CLANG_CXX_LANGUAGE_STANDARD = "gnu++14";
				CLANG_CXX_LIBRARY = "libc++";
				CLANG_ENABLE_MODULES = YES;
				CLANG_ENABLE_OBJC_ARC = YES;
				CLANG_WARN_BLOCK_CAPTURE_AUTORELEASING = YES;
				CLANG_WARN_BOOL_CONVERSION = YES;
				CLANG_WARN_COMMA = YES;
				CLANG_WARN_CONSTANT_CONVERSION = YES;
				CLANG_WARN_DIRECT_OBJC_ISA_USAGE = YES_ERROR;
				CLANG_WARN_DOCUMENTATION_COMMENTS = YES;
				CLANG_WARN_EMPTY_BODY = YES;
				CLANG_WARN_ENUM_CONVERSION = YES;
				CLANG_WARN_INFINITE_RECURSION = YES;
				CLANG_WARN_INT_CONVERSION = YES;
				CLANG_WARN_NON_LITERAL_NULL_CONVERSION = YES;
				CLANG_WARN_OBJC_LITERAL_CONVERSION = YES;
				CLANG_WARN_OBJC_ROOT_CLASS = YES_ERROR;
				CLANG_WARN_RANGE_LOOP_ANALYSIS = YES;
				CLANG_WARN_STRICT_PROTOTYPES = YES;
				CLANG_WARN_SUSPICIOUS_MOVE = YES;
				CLANG_WARN_UNGUARDED_AVAILABILITY = YES_AGGRESSIVE;
				CLANG_WARN_UNREACHABLE_CODE = YES;
				CLANG_WARN__DUPLICATE_METHOD_MATCH = YES;
				CODE_SIGN_IDENTITY = "iPhone Developer";
				COPY_PHASE_STRIP = NO;
				DEBUG_INFORMATION_FORMAT = "dwarf-with-dsym";
				ENABLE_NS_ASSERTIONS = NO;
				ENABLE_STRICT_OBJC_MSGSEND = YES;
				GCC_C_LANGUAGE_STANDARD = gnu11;
				GCC_NO_COMMON_BLOCKS = YES;
				GCC_WARN_64_TO_32_BIT_CONVERSION = YES;
				GCC_WARN_ABOUT_RETURN_TYPE = YES_ERROR;
				GCC_WARN_UNDECLARED_SELECTOR = YES;
				GCC_WARN_UNINITIALIZED_AUTOS = YES_AGGRESSIVE;
				GCC_WARN_UNUSED_FUNCTION = YES;
				GCC_WARN_UNUSED_VARIABLE = YES;
				IPHONEOS_DEPLOYMENT_TARGET = 11.2;
				MTL_ENABLE_DEBUG_INFO = NO;
				SDKROOT = iphoneos;
				SWIFT_OPTIMIZATION_LEVEL = "-Owholemodule";
				VALIDATE_PRODUCT = YES;
			};
			name = Release;
		};
		F345CEBA200CCB2A005B424B /* Debug */ = {
			isa = XCBuildConfiguration;
			buildSettings = {
				ASSETCATALOG_COMPILER_APPICON_NAME = AppIcon;
				CODE_SIGN_STYLE = Automatic;
				DEVELOPMENT_TEAM = G7JKA6624L;
				INFOPLIST_FILE = EldonPlanner/Info.plist;
				LD_RUNPATH_SEARCH_PATHS = "$(inherited) @executable_path/Frameworks";
				PRODUCT_BUNDLE_IDENTIFIER = se.27differentsounds.EldonPlanner;
				PRODUCT_NAME = "$(TARGET_NAME)";
				SWIFT_VERSION = 4.0;
				TARGETED_DEVICE_FAMILY = "1,2";
			};
			name = Debug;
		};
		F345CEBB200CCB2A005B424B /* Release */ = {
			isa = XCBuildConfiguration;
			buildSettings = {
				ASSETCATALOG_COMPILER_APPICON_NAME = AppIcon;
				CODE_SIGN_STYLE = Automatic;
				DEVELOPMENT_TEAM = G7JKA6624L;
				INFOPLIST_FILE = EldonPlanner/Info.plist;
				LD_RUNPATH_SEARCH_PATHS = "$(inherited) @executable_path/Frameworks";
				PRODUCT_BUNDLE_IDENTIFIER = se.27differentsounds.EldonPlanner;
				PRODUCT_NAME = "$(TARGET_NAME)";
				SWIFT_VERSION = 4.0;
				TARGETED_DEVICE_FAMILY = "1,2";
			};
			name = Release;
		};
/* End XCBuildConfiguration section */

/* Begin XCConfigurationList section */
		F345CEA2200CCB2A005B424B /* Build configuration list for PBXProject "EldonPlanner" */ = {
			isa = XCConfigurationList;
			buildConfigurations = (
				F345CEB7200CCB2A005B424B /* Debug */,
				F345CEB8200CCB2A005B424B /* Release */,
			);
			defaultConfigurationIsVisible = 0;
			defaultConfigurationName = Release;
		};
		F345CEB9200CCB2A005B424B /* Build configuration list for PBXNativeTarget "EldonPlanner" */ = {
			isa = XCConfigurationList;
			buildConfigurations = (
				F345CEBA200CCB2A005B424B /* Debug */,
				F345CEBB200CCB2A005B424B /* Release */,
			);
			defaultConfigurationIsVisible = 0;
			defaultConfigurationName = Release;
		};
/* End XCConfigurationList section */
	};
	rootObject = F345CE9F200CCB2A005B424B /* Project object */;
}
